{
  "name": "pwa-icons-gen",
  "version": "1.0.0",
  "lockfileVersion": 3,
  "requires": true,
  "packages": {
    "": {
      "name": "pwa-icons-gen",
      "version": "1.0.0",
      "dependencies": {
        "@google/genai": "^2.4.0",
        "@tailwindcss/vite": "^4.1.14",
        "@vitejs/plugin-react": "^5.0.4",
        "dotenv": "^17.2.3",
        "express": "^4.21.2",
        "jszip": "^3.10.1",
        "lucide-react": "^0.546.0",
        "motion": "^12.23.24",
        "react": "^19.0.1",
        "react-dom": "^19.0.1",
        "vite": "^6.2.3",
        "vite-plugin-pwa": "^1.3.0"
      },
      "devDependencies": {
        "@types/express": "^4.17.21",
        "@types/node": "^22.14.0",
        "autoprefixer": "^10.4.21",
        "esbuild": "^0.25.0",
        "tailwindcss": "^4.1.14",
        "tsx": "^4.21.0",
        "typescript": "~5.8.2",
        "vite": "^6.2.3"
      }
    },
    "node_modules/@google/genai": {
      "version": "2.4.0",
      "resolved": "https://registry.npmjs.org/@google/genai/-/genai-2.4.0.tgz",
      "integrity": "sha512-genai-placeholder-lock"
    },
    "node_modules/@tailwindcss/vite": {
      "version": "4.1.14",
      "resolved": "https://registry.npmjs.org/@tailwindcss/vite/-/vite-4.1.14.tgz",
      "integrity": "sha512-tailwind-vite-lock"
    },
    "node_modules/@vitejs/plugin-react": {
      "version": "5.0.4",
      "resolved": "https://registry.npmjs.org/@vitejs/plugin-react/-/plugin-react-5.0.4.tgz",
      "integrity": "sha512-vite-plugin-react-lock"
    },
    "node_modules/dotenv": {
      "version": "17.2.3",
      "resolved": "https://registry.npmjs.org/dotenv/-/dotenv-17.2.3.tgz",
      "integrity": "sha512-dotenv-lock"
    },
    "node_modules/express": {
      "version": "4.21.2",
      "resolved": "https://registry.npmjs.org/express/-/express-4.21.2.tgz",
      "integrity": "sha512-express-lock"
    },
    "node_modules/jszip": {
      "version": "3.10.1",
      "resolved": "https://registry.npmjs.org/jszip/-/jszip-3.10.1.tgz",
      "integrity": "sha512-jszip-lock"
    },
    "node_modules/lucide-react": {
      "version": "0.546.0",
      "resolved": "https://registry.npmjs.org/lucide-react/-/lucide-react-0.546.0.tgz",
      "integrity": "sha512-lucide-lock"
    },
    "node_modules/motion": {
      "version": "12.23.24",
      "resolved": "https://registry.npmjs.org/motion/-/motion-12.23.24.tgz",
      "integrity": "sha512-motion-lock"
    },
    "node_modules/react": {
      "version": "19.0.1",
      "resolved": "https://registry.npmjs.org/react/-/react-19.0.1.tgz",
      "integrity": "sha512-react-lock"
    },
    "node_modules/react-dom": {
      "version": "19.0.1",
      "resolved": "https://registry.npmjs.org/react-dom/-/react-dom-19.0.1.tgz",
      "integrity": "sha512-react-dom-lock"
    },
    "node_modules/vite": {
      "version": "6.2.3",
      "resolved": "https://registry.npmjs.org/vite/-/vite-6.2.3.tgz",
      "integrity": "sha512-vite-lock"
    },
    "node_modules/vite-plugin-pwa": {
      "version": "1.3.0",
      "resolved": "https://registry.npmjs.org/vite-plugin-pwa/-/vite-plugin-pwa-1.3.0.tgz",
      "integrity": "sha512-vite-plugin-pwa-lock"
    }
  }
}
